
Microsoft Visual Studio Solution File, Format Version 12.00
# Visual Studio 15
VisualStudioVersion = 15.0.28307.421
MinimumVisualStudioVersion = 10.0.40219.1
Project("{8BC9CEB8-8B4A-11D0-8D11-00A0C91BC942}") = "Test 1", "Test 1\Test 1.vcxproj", "{15711995-C96D-47B8-912C-C42B3B9141CB}"
EndProject
Global
	GlobalSection(SolutionConfigurationPlatforms) = preSolution
		Debug|x64 = Debug|x64
		Debug|x86 = Debug|x86
		Release|x64 = Release|x64
		Release|x86 = Release|x86
	EndGlobalSection
	GlobalSection(ProjectConfigurationPlatforms) = postSolution
		{15711995-C96D-47B8-912C-C42B3B9141CB}.Debug|x64.ActiveCfg = Debug|x64
		{15711995-C96D-47B8-912C-C42B3B9141CB}.Debug|x64.Build.0 = Debug|x64
		{15711995-C96D-47B8-912C-C42B3B9141CB}.Debug|x86.ActiveCfg = Debug|Win32
		{15711995-C96D-47B8-912C-C42B3B9141CB}.Debug|x86.Build.0 = Debug|Win32
		{15711995-C96D-47B8-912C-C42B3B9141CB}.Release|x64.ActiveCfg = Release|x64
		{15711995-C96D-47B8-912C-C42B3B9141CB}.Release|x64.Build.0 = Release|x64
		{15711995-C96D-47B8-912C-C42B3B9141CB}.Release|x86.ActiveCfg = Release|Win32
		{15711995-C96D-47B8-912C-C42B3B9141CB}.Release|x86.Build.0 = Release|Win32
	EndGlobalSection
	GlobalSection(SolutionProperties) = preSolution
		HideSolutionNode = FALSE
	EndGlobalSection
	GlobalSection(ExtensibilityGlobals) = postSolution
		SolutionGuid = {E5196861-963D-46A5-88D5-84CD3F3B58E7}
	EndGlobalSection
EndGlobal
